
Microsoft Visual Studio Solution File, Format Version 12.00
# Visual Studio Version 17
VisualStudioVersion = 17.11.35327.3
MinimumVisualStudioVersion = 10.0.40219.1
Project("{FAE04EC0-301F-11D3-BF4B-00C04F79EFBC}") = "StudentsKnoweledgeAPI", "StudentsKnoweledgeAPI\StudentsKnoweledgeAPI.csproj", "{B7748C29-42AB-44D1-84D9-1C46D8BB56E1}"
EndProject
Global
	GlobalSection(SolutionConfigurationPlatforms) = preSolution
		Debug|Any CPU = Debug|Any CPU
		Release|Any CPU = Release|Any CPU
	EndGlobalSection
	GlobalSection(ProjectConfigurationPlatforms) = postSolution
		{B7748C29-42AB-44D1-84D9-1C46D8BB56E1}.Debug|Any CPU.ActiveCfg = Debug|Any CPU
		{B7748C29-42AB-44D1-84D9-1C46D8BB56E1}.Debug|Any CPU.Build.0 = Debug|Any CPU
		{B7748C29-42AB-44D1-84D9-1C46D8BB56E1}.Release|Any CPU.ActiveCfg = Release|Any CPU
		{B7748C29-42AB-44D1-84D9-1C46D8BB56E1}.Release|Any CPU.Build.0 = Release|Any CPU
	EndGlobalSection
	GlobalSection(SolutionProperties) = preSolution
		HideSolutionNode = FALSE
	EndGlobalSection
	GlobalSection(ExtensibilityGlobals) = postSolution
		SolutionGuid = {BA72A49C-0AF6-43CF-BAEB-5ACB956D979D}
	EndGlobalSection
EndGlobal
